# THIS IS AN AUTOGENERATED FILE. DO NOT EDIT THIS FILE DIRECTLY.
# yarn lockfile v1


date-format@0.0.2:
  version "0.0.2"
  resolved "https://registry.yarnpkg.com/date-format/-/date-format-0.0.2.tgz#fafd448f72115ef1e2b739155ae92f2be6c28dd1"

graceful-fs@^4.1.6:
  version "4.1.11"
  resolved "https://registry.yarnpkg.com/graceful-fs/-/graceful-fs-4.1.11.tgz#0e8bdfe4d1ddb8854d64e04ea7c00e2a026e5658"

jsonfile@4.0.0:
  version "4.0.0"
  resolved "https://registry.yarnpkg.com/jsonfile/-/jsonfile-4.0.0.tgz#8771aae0799b64076b76640fca058f9c10e33ecb"
  optionalDependencies:
    graceful-fs "^4.1.6"

junit-report-builder@1.3.1:
  version "1.3.1"
  resolved "https://registry.yarnpkg.com/junit-report-builder/-/junit-report-builder-1.3.1.tgz#65923e2587a54762e8fb91505ea5604dba519d55"
  dependencies:
    date-format "0.0.2"
    lodash "^4.17.10"
    mkdirp "^0.5.0"
    xmlbuilder "^10.0.0"

lodash@^4.17.10:
  version "4.17.10"
  resolved "https://registry.yarnpkg.com/lodash/-/lodash-4.17.10.tgz#1b7793cf7259ea38fb3661d4d38b3260af8ae4e7"

minimist@0.0.8:
  version "0.0.8"
  resolved "https://registry.yarnpkg.com/minimist/-/minimist-0.0.8.tgz#857fcabfc3397d2625b8228262e86aa7a011b05d"

mkdirp@^0.5.0:
  version "0.5.1"
  resolved "https://registry.yarnpkg.com/mkdirp/-/mkdirp-0.5.1.tgz#30057438eac6cf7f8c4767f38648d6697d75c903"
  dependencies:
    minimist "0.0.8"

xmlbuilder@^10.0.0:
  version "10.0.0"
  resolved "https://registry.yarnpkg.com/xmlbuilder/-/xmlbuilder-10.0.0.tgz#c64e52f8ae097fe5fd46d1c38adaade071ee1b55"
